
Microsoft Visual Studio Solution File, Format Version 12.00
# Visual Studio Version 16
VisualStudioVersion = 16.0.29728.190
MinimumVisualStudioVersion = 10.0.40219.1
Project("{9A19103F-16F7-4668-BE54-9A1E7A4F7556}") = "IdentityServer", "IdentityServer\IdentityServer.csproj", "{A7DA6EAB-6F3E-4E2D-9623-1AA40FD423A1}"
EndProject
Project("{9A19103F-16F7-4668-BE54-9A1E7A4F7556}") = "Apis", "Apis\Apis.csproj", "{4B7CAF5A-5B9F-4704-8A87-959B6B4A2CEF}"
EndProject
Project("{9A19103F-16F7-4668-BE54-9A1E7A4F7556}") = "ApisTwo", "ApisTwo\ApisTwo.csproj", "{6211D181-7246-43C6-A475-B1F76C3FF326}"
EndProject
Project("{9A19103F-16F7-4668-BE54-9A1E7A4F7556}") = "MvcClients", "MvcClients\MvcClients.csproj", "{04095159-6D51-4DAC-93CA-ACFBFEDEEA6D}"
EndProject
Project("{9A19103F-16F7-4668-BE54-9A1E7A4F7556}") = "JavascriptClient", "JavascriptClient\JavascriptClient.csproj", "{C05357A8-FF4E-409B-B2A7-BE0B614A02CE}"
EndProject
Global
	GlobalSection(SolutionConfigurationPlatforms) = preSolution
		Debug|Any CPU = Debug|Any CPU
		Release|Any CPU = Release|Any CPU
	EndGlobalSection
	GlobalSection(ProjectConfigurationPlatforms) = postSolution
		{A7DA6EAB-6F3E-4E2D-9623-1AA40FD423A1}.Debug|Any CPU.ActiveCfg = Debug|Any CPU
		{A7DA6EAB-6F3E-4E2D-9623-1AA40FD423A1}.Debug|Any CPU.Build.0 = Debug|Any CPU
		{A7DA6EAB-6F3E-4E2D-9623-1AA40FD423A1}.Release|Any CPU.ActiveCfg = Release|Any CPU
		{A7DA6EAB-6F3E-4E2D-9623-1AA40FD423A1}.Release|Any CPU.Build.0 = Release|Any CPU
		{4B7CAF5A-5B9F-4704-8A87-959B6B4A2CEF}.Debug|Any CPU.ActiveCfg = Debug|Any CPU
		{4B7CAF5A-5B9F-4704-8A87-959B6B4A2CEF}.Debug|Any CPU.Build.0 = Debug|Any CPU
		{4B7CAF5A-5B9F-4704-8A87-959B6B4A2CEF}.Release|Any CPU.ActiveCfg = Release|Any CPU
		{4B7CAF5A-5B9F-4704-8A87-959B6B4A2CEF}.Release|Any CPU.Build.0 = Release|Any CPU
		{6211D181-7246-43C6-A475-B1F76C3FF326}.Debug|Any CPU.ActiveCfg = Debug|Any CPU
		{6211D181-7246-43C6-A475-B1F76C3FF326}.Debug|Any CPU.Build.0 = Debug|Any CPU
		{6211D181-7246-43C6-A475-B1F76C3FF326}.Release|Any CPU.ActiveCfg = Release|Any CPU
		{6211D181-7246-43C6-A475-B1F76C3FF326}.Release|Any CPU.Build.0 = Release|Any CPU
		{04095159-6D51-4DAC-93CA-ACFBFEDEEA6D}.Debug|Any CPU.ActiveCfg = Debug|Any CPU
		{04095159-6D51-4DAC-93CA-ACFBFEDEEA6D}.Debug|Any CPU.Build.0 = Debug|Any CPU
		{04095159-6D51-4DAC-93CA-ACFBFEDEEA6D}.Release|Any CPU.ActiveCfg = Release|Any CPU
		{04095159-6D51-4DAC-93CA-ACFBFEDEEA6D}.Release|Any CPU.Build.0 = Release|Any CPU
		{C05357A8-FF4E-409B-B2A7-BE0B614A02CE}.Debug|Any CPU.ActiveCfg = Debug|Any CPU
		{C05357A8-FF4E-409B-B2A7-BE0B614A02CE}.Debug|Any CPU.Build.0 = Debug|Any CPU
		{C05357A8-FF4E-409B-B2A7-BE0B614A02CE}.Release|Any CPU.ActiveCfg = Release|Any CPU
		{C05357A8-FF4E-409B-B2A7-BE0B614A02CE}.Release|Any CPU.Build.0 = Release|Any CPU
	EndGlobalSection
	GlobalSection(SolutionProperties) = preSolution
		HideSolutionNode = FALSE
	EndGlobalSection
	GlobalSection(ExtensibilityGlobals) = postSolution
		SolutionGuid = {D926BA4C-3828-4B9D-B474-EEFC57402BFB}
	EndGlobalSection
EndGlobal
